
Microsoft Visual Studio Solution File, Format Version 12.00
# Visual Studio 15
VisualStudioVersion = 15.0.28307.168
MinimumVisualStudioVersion = 10.0.40219.1
Project("{FAE04EC0-301F-11D3-BF4B-00C04F79EFBC}") = "BooksShop.Model", "BooksShop.Model\BooksShop.Model.csproj", "{3C560216-079E-4E8C-8C36-6FCB8033F1FD}"
EndProject
Project("{FAE04EC0-301F-11D3-BF4B-00C04F79EFBC}") = "BooksShop.DataLayer", "BooksShop.DataLayer\BooksShop.DataLayer.csproj", "{A0D8F099-C68C-49AB-9AB1-413D32309338}"
EndProject
Project("{FAE04EC0-301F-11D3-BF4B-00C04F79EFBC}") = "BooksShop.Web", "BooksShop.Web\BooksShop.Web.csproj", "{8B593B57-328A-488F-A579-E21C007B7093}"
EndProject
Global
	GlobalSection(SolutionConfigurationPlatforms) = preSolution
		Debug|Any CPU = Debug|Any CPU
		Release|Any CPU = Release|Any CPU
	EndGlobalSection
	GlobalSection(ProjectConfigurationPlatforms) = postSolution
		{3C560216-079E-4E8C-8C36-6FCB8033F1FD}.Debug|Any CPU.ActiveCfg = Debug|Any CPU
		{3C560216-079E-4E8C-8C36-6FCB8033F1FD}.Debug|Any CPU.Build.0 = Debug|Any CPU
		{3C560216-079E-4E8C-8C36-6FCB8033F1FD}.Release|Any CPU.ActiveCfg = Release|Any CPU
		{3C560216-079E-4E8C-8C36-6FCB8033F1FD}.Release|Any CPU.Build.0 = Release|Any CPU
		{A0D8F099-C68C-49AB-9AB1-413D32309338}.Debug|Any CPU.ActiveCfg = Debug|Any CPU
		{A0D8F099-C68C-49AB-9AB1-413D32309338}.Debug|Any CPU.Build.0 = Debug|Any CPU
		{A0D8F099-C68C-49AB-9AB1-413D32309338}.Release|Any CPU.ActiveCfg = Release|Any CPU
		{A0D8F099-C68C-49AB-9AB1-413D32309338}.Release|Any CPU.Build.0 = Release|Any CPU
		{8B593B57-328A-488F-A579-E21C007B7093}.Debug|Any CPU.ActiveCfg = Debug|Any CPU
		{8B593B57-328A-488F-A579-E21C007B7093}.Debug|Any CPU.Build.0 = Debug|Any CPU
		{8B593B57-328A-488F-A579-E21C007B7093}.Release|Any CPU.ActiveCfg = Release|Any CPU
		{8B593B57-328A-488F-A579-E21C007B7093}.Release|Any CPU.Build.0 = Release|Any CPU
	EndGlobalSection
	GlobalSection(SolutionProperties) = preSolution
		HideSolutionNode = FALSE
	EndGlobalSection
	GlobalSection(ExtensibilityGlobals) = postSolution
		SolutionGuid = {1BD20751-2B1D-4DAF-93A8-B0B37A5C6965}
	EndGlobalSection
EndGlobal
